schema: '2.0'
stages:
  prepare_data:
    cmd: torchrun --nproc_per_node=auto src/run_pipeline.py --pipeline_stage 
      prepare_data
    deps:
    - path: run_in_docker.sh
      hash: md5
      md5: 4d49b0ae43beb1ea26d31c36169b4765
      size: 947
      isexec: true
    - path: src/models/data_preparer.py
      hash: md5
      md5: 477f5e6fbac3430a55bdcfdbeb3f4ee6
      size: 1697
    - path: src/pipeline.py
      hash: md5
      md5: a2d1037a28c20dfb008356124a8aa73a
      size: 46994
    outs:
    - path: data/raw/gsm8k
      hash: md5
      md5: 570e33513fab89d380834923ef266b24.dir
      size: 4682873
      nfiles: 6
