schema: '2.0'
stages:
  build_docker:
    cmd: docker build -t moe-rl-app .
    deps:
    - path: Dockerfile
      hash: md5
      md5: 0d76954aa8e7f3b9e6217fed2fc1d296
      size: 582
    - path: requirements.txt
      hash: md5
      md5: 0d51afb0dbca75cc6980380676fd9fa0
      size: 146
    - path: src/
      hash: md5
      md5: 64347568c0a2ce68f4dec76f3035b4ec.dir
      size: 430607
      nfiles: 43
